
Microsoft Visual Studio Solution File, Format Version 12.00
# Visual Studio 14
VisualStudioVersion = 14.0.24720.0
MinimumVisualStudioVersion = 10.0.40219.1
Project("{FAE04EC0-301F-11D3-BF4B-00C04F79EFBC}") = "Pizzaria.Droid", "Pizzaria\Pizzaria.Droid\Pizzaria.Droid.csproj", "{4969F129-39C0-4841-972C-F5FF2DC17F91}"
EndProject
Project("{FAE04EC0-301F-11D3-BF4B-00C04F79EFBC}") = "Pizzaria.iOS", "Pizzaria\Pizzaria.iOS\Pizzaria.iOS.csproj", "{7EF990B6-D5D2-49EF-A5FF-8AA827EA0C04}"
EndProject
Project("{FAE04EC0-301F-11D3-BF4B-00C04F79EFBC}") = "Pizzaria.WinPhone", "Pizzaria\Pizzaria.WinPhone\Pizzaria.WinPhone.csproj", "{4C4A5718-C47F-4D3D-A959-87117A1EBC2F}"
EndProject
Project("{FAE04EC0-301F-11D3-BF4B-00C04F79EFBC}") = "Pizzaria.UWP", "Pizzaria\Pizzaria.UWP\Pizzaria.UWP.csproj", "{20DA7C50-4B6F-4BA1-B061-F734189217D9}"
EndProject
Project("{FAE04EC0-301F-11D3-BF4B-00C04F79EFBC}") = "Pizzaria.Windows", "Pizzaria\Pizzaria.Windows\Pizzaria.Windows.csproj", "{539E9C02-AABE-43AB-A28E-BE7A75A0A13B}"
EndProject
Project("{D954291E-2A0B-460D-934E-DC6B0785DB48}") = "Pizzaria", "Pizzaria\Pizzaria\Pizzaria.shproj", "{2AC5069B-311E-4002-8A51-8656174308E4}"
EndProject
Global
	GlobalSection(SharedMSBuildProjectFiles) = preSolution
		Pizzaria\Pizzaria\Pizzaria.projitems*{4969f129-39c0-4841-972c-f5ff2dc17f91}*SharedItemsImports = 4
		Pizzaria\Pizzaria\Pizzaria.projitems*{20da7c50-4b6f-4ba1-b061-f734189217d9}*SharedItemsImports = 4
		Pizzaria\Pizzaria\Pizzaria.projitems*{2ac5069b-311e-4002-8a51-8656174308e4}*SharedItemsImports = 13
		Pizzaria\Pizzaria\Pizzaria.projitems*{4c4a5718-c47f-4d3d-a959-87117a1ebc2f}*SharedItemsImports = 4
		Pizzaria\Pizzaria\Pizzaria.projitems*{7ef990b6-d5d2-49ef-a5ff-8aa827ea0c04}*SharedItemsImports = 4
		Pizzaria\Pizzaria\Pizzaria.projitems*{539e9c02-aabe-43ab-a28e-be7a75a0a13b}*SharedItemsImports = 4
	EndGlobalSection
	GlobalSection(SolutionConfigurationPlatforms) = preSolution
		Ad-Hoc|Any CPU = Ad-Hoc|Any CPU
		Ad-Hoc|ARM = Ad-Hoc|ARM
		Ad-Hoc|iPhone = Ad-Hoc|iPhone
		Ad-Hoc|iPhoneSimulator = Ad-Hoc|iPhoneSimulator
		Ad-Hoc|x64 = Ad-Hoc|x64
		Ad-Hoc|x86 = Ad-Hoc|x86
		AppStore|Any CPU = AppStore|Any CPU
		AppStore|ARM = AppStore|ARM
		AppStore|iPhone = AppStore|iPhone
		AppStore|iPhoneSimulator = AppStore|iPhoneSimulator
		AppStore|x64 = AppStore|x64
		AppStore|x86 = AppStore|x86
		Debug|Any CPU = Debug|Any CPU
		Debug|ARM = Debug|ARM
		Debug|iPhone = Debug|iPhone
		Debug|iPhoneSimulator = Debug|iPhoneSimulator
		Debug|x64 = Debug|x64
		Debug|x86 = Debug|x86
		Release|Any CPU = Release|Any CPU
		Release|ARM = Release|ARM
		Release|iPhone = Release|iPhone
		Release|iPhoneSimulator = Release|iPhoneSimulator
		Release|x64 = Release|x64
		Release|x86 = Release|x86
	EndGlobalSection
	GlobalSection(ProjectConfigurationPlatforms) = postSolution
		{4969F129-39C0-4841-972C-F5FF2DC17F91}.Ad-Hoc|Any CPU.ActiveCfg = Release|Any CPU
		{4969F129-39C0-4841-972C-F5FF2DC17F91}.Ad-Hoc|Any CPU.Build.0 = Release|Any CPU
		{4969F129-39C0-4841-972C-F5FF2DC17F91}.Ad-Hoc|Any CPU.Deploy.0 = Release|Any CPU
		{4969F129-39C0-4841-972C-F5FF2DC17F91}.Ad-Hoc|ARM.ActiveCfg = Release|Any CPU
		{4969F129-39C0-4841-972C-F5FF2DC17F91}.Ad-Hoc|ARM.Build.0 = Release|Any CPU
		{4969F129-39C0-4841-972C-F5FF2DC17F91}.Ad-Hoc|ARM.Deploy.0 = Release|Any CPU
		{4969F129-39C0-4841-972C-F5FF2DC17F91}.Ad-Hoc|iPhone.ActiveCfg = Release|Any CPU
		{4969F129-39C0-4841-972C-F5FF2DC17F91}.Ad-Hoc|iPhone.Build.0 = Release|Any CPU
		{4969F129-39C0-4841-972C-F5FF2DC17F91}.Ad-Hoc|iPhone.Deploy.0 = Release|Any CPU
		{4969F129-39C0-4841-972C-F5FF2DC17F91}.Ad-Hoc|iPhoneSimulator.ActiveCfg = Release|Any CPU
		{4969F129-39C0-4841-972C-F5FF2DC17F91}.Ad-Hoc|iPhoneSimulator.Build.0 = Release|Any CPU
		{4969F129-39C0-4841-972C-F5FF2DC17F91}.Ad-Hoc|iPhoneSimulator.Deploy.0 = Release|Any CPU
		{4969F129-39C0-4841-972C-F5FF2DC17F91}.Ad-Hoc|x64.ActiveCfg = Release|Any CPU
		{4969F129-39C0-4841-972C-F5FF2DC17F91}.Ad-Hoc|x64.Build.0 = Release|Any CPU
		{4969F129-39C0-4841-972C-F5FF2DC17F91}.Ad-Hoc|x64.Deploy.0 = Release|Any CPU
		{4969F129-39C0-4841-972C-F5FF2DC17F91}.Ad-Hoc|x86.ActiveCfg = Release|Any CPU
		{4969F129-39C0-4841-972C-F5FF2DC17F91}.Ad-Hoc|x86.Build.0 = Release|Any CPU
		{4969F129-39C0-4841-972C-F5FF2DC17F91}.Ad-Hoc|x86.Deploy.0 = Release|Any CPU
		{4969F129-39C0-4841-972C-F5FF2DC17F91}.AppStore|Any CPU.ActiveCfg = Release|Any CPU
		{4969F129-39C0-4841-972C-F5FF2DC17F91}.AppStore|Any CPU.Build.0 = Release|Any CPU
		{4969F129-39C0-4841-972C-F5FF2DC17F91}.AppStore|Any CPU.Deploy.0 = Release|Any CPU
		{4969F129-39C0-4841-972C-F5FF2DC17F91}.AppStore|ARM.ActiveCfg = Release|Any CPU
		{4969F129-39C0-4841-972C-F5FF2DC17F91}.AppStore|ARM.Build.0 = Release|Any CPU
		{4969F129-39C0-4841-972C-F5FF2DC17F91}.AppStore|ARM.Deploy.0 = Release|Any CPU
		{4969F129-39C0-4841-972C-F5FF2DC17F91}.AppStore|iPhone.ActiveCfg = Release|Any CPU
		{4969F129-39C0-4841-972C-F5FF2DC17F91}.AppStore|iPhone.Build.0 = Release|Any CPU
		{4969F129-39C0-4841-972C-F5FF2DC17F91}.AppStore|iPhone.Deploy.0 = Release|Any CPU
		{4969F129-39C0-4841-972C-F5FF2DC17F91}.AppStore|iPhoneSimulator.ActiveCfg = Release|Any CPU
		{4969F129-39C0-4841-972C-F5FF2DC17F91}.AppStore|iPhoneSimulator.Build.0 = Release|Any CPU
		{4969F129-39C0-4841-972C-F5FF2DC17F91}.AppStore|iPhoneSimulator.Deploy.0 = Release|Any CPU
		{4969F129-39C0-4841-972C-F5FF2DC17F91}.AppStore|x64.ActiveCfg = Release|Any CPU
		{4969F129-39C0-4841-972C-F5FF2DC17F91}.AppStore|x64.Build.0 = Release|Any CPU
		{4969F129-39C0-4841-972C-F5FF2DC17F91}.AppStore|x64.Deploy.0 = Release|Any CPU
		{4969F129-39C0-4841-972C-F5FF2DC17F91}.AppStore|x86.ActiveCfg = Release|Any CPU
		{4969F129-39C0-4841-972C-F5FF2DC17F91}.AppStore|x86.Build.0 = Release|Any CPU
		{4969F129-39C0-4841-972C-F5FF2DC17F91}.AppStore|x86.Deploy.0 = Release|Any CPU
		{4969F129-39C0-4841-972C-F5FF2DC17F91}.Debug|Any CPU.ActiveCfg = Debug|Any CPU
		{4969F129-39C0-4841-972C-F5FF2DC17F91}.Debug|Any CPU.Build.0 = Debug|Any CPU
		{4969F129-39C0-4841-972C-F5FF2DC17F91}.Debug|Any CPU.Deploy.0 = Debug|Any CPU
		{4969F129-39C0-4841-972C-F5FF2DC17F91}.Debug|ARM.ActiveCfg = Debug|Any CPU
		{4969F129-39C0-4841-972C-F5FF2DC17F91}.Debug|ARM.Build.0 = Debug|Any CPU
		{4969F129-39C0-4841-972C-F5FF2DC17F91}.Debug|ARM.Deploy.0 = Debug|Any CPU
		{4969F129-39C0-4841-972C-F5FF2DC17F91}.Debug|iPhone.ActiveCfg = Debug|Any CPU
		{4969F129-39C0-4841-972C-F5FF2DC17F91}.Debug|iPhone.Build.0 = Debug|Any CPU
		{4969F129-39C0-4841-972C-F5FF2DC17F91}.Debug|iPhone.Deploy.0 = Debug|Any CPU
		{4969F129-39C0-4841-972C-F5FF2DC17F91}.Debug|iPhoneSimulator.ActiveCfg = Debug|Any CPU
		{4969F129-39C0-4841-972C-F5FF2DC17F91}.Debug|iPhoneSimulator.Build.0 = Debug|Any CPU
		{4969F129-39C0-4841-972C-F5FF2DC17F91}.Debug|iPhoneSimulator.Deploy.0 = Debug|Any CPU
		{4969F129-39C0-4841-972C-F5FF2DC17F91}.Debug|x64.ActiveCfg = Debug|Any CPU
		{4969F129-39C0-4841-972C-F5FF2DC17F91}.Debug|x64.Build.0 = Debug|Any CPU
		{4969F129-39C0-4841-972C-F5FF2DC17F91}.Debug|x64.Deploy.0 = Debug|Any CPU
		{4969F129-39C0-4841-972C-F5FF2DC17F91}.Debug|x86.ActiveCfg = Debug|Any CPU
		{4969F129-39C0-4841-972C-F5FF2DC17F91}.Debug|x86.Build.0 = Debug|Any CPU
		{4969F129-39C0-4841-972C-F5FF2DC17F91}.Debug|x86.Deploy.0 = Debug|Any CPU
		{4969F129-39C0-4841-972C-F5FF2DC17F91}.Release|Any CPU.ActiveCfg = Release|Any CPU
		{4969F129-39C0-4841-972C-F5FF2DC17F91}.Release|Any CPU.Build.0 = Release|Any CPU
		{4969F129-39C0-4841-972C-F5FF2DC17F91}.Release|Any CPU.Deploy.0 = Release|Any CPU
		{4969F129-39C0-4841-972C-F5FF2DC17F91}.Release|ARM.ActiveCfg = Release|Any CPU
		{4969F129-39C0-4841-972C-F5FF2DC17F91}.Release|ARM.Build.0 = Release|Any CPU
		{4969F129-39C0-4841-972C-F5FF2DC17F91}.Release|ARM.Deploy.0 = Release|Any CPU
		{4969F129-39C0-4841-972C-F5FF2DC17F91}.Release|iPhone.ActiveCfg = Release|Any CPU
		{4969F129-39C0-4841-972C-F5FF2DC17F91}.Release|iPhone.Build.0 = Release|Any CPU
		{4969F129-39C0-4841-972C-F5FF2DC17F91}.Release|iPhone.Deploy.0 = Release|Any CPU
		{4969F129-39C0-4841-972C-F5FF2DC17F91}.Release|iPhoneSimulator.ActiveCfg = Release|Any CPU
		{4969F129-39C0-4841-972C-F5FF2DC17F91}.Release|iPhoneSimulator.Build.0 = Release|Any CPU
		{4969F129-39C0-4841-972C-F5FF2DC17F91}.Release|iPhoneSimulator.Deploy.0 = Release|Any CPU
		{4969F129-39C0-4841-972C-F5FF2DC17F91}.Release|x64.ActiveCfg = Release|Any CPU
		{4969F129-39C0-4841-972C-F5FF2DC17F91}.Release|x64.Build.0 = Release|Any CPU
		{4969F129-39C0-4841-972C-F5FF2DC17F91}.Release|x64.Deploy.0 = Release|Any CPU
		{4969F129-39C0-4841-972C-F5FF2DC17F91}.Release|x86.ActiveCfg = Release|Any CPU
		{4969F129-39C0-4841-972C-F5FF2DC17F91}.Release|x86.Build.0 = Release|Any CPU
		{4969F129-39C0-4841-972C-F5FF2DC17F91}.Release|x86.Deploy.0 = Release|Any CPU
		{7EF990B6-D5D2-49EF-A5FF-8AA827EA0C04}.Ad-Hoc|Any CPU.ActiveCfg = Ad-Hoc|iPhone
		{7EF990B6-D5D2-49EF-A5FF-8AA827EA0C04}.Ad-Hoc|ARM.ActiveCfg = Ad-Hoc|iPhone
		{7EF990B6-D5D2-49EF-A5FF-8AA827EA0C04}.Ad-Hoc|iPhone.ActiveCfg = Ad-Hoc|iPhone
		{7EF990B6-D5D2-49EF-A5FF-8AA827EA0C04}.Ad-Hoc|iPhone.Build.0 = Ad-Hoc|iPhone
		{7EF990B6-D5D2-49EF-A5FF-8AA827EA0C04}.Ad-Hoc|iPhoneSimulator.ActiveCfg = Ad-Hoc|iPhoneSimulator
		{7EF990B6-D5D2-49EF-A5FF-8AA827EA0C04}.Ad-Hoc|iPhoneSimulator.Build.0 = Ad-Hoc|iPhoneSimulator
		{7EF990B6-D5D2-49EF-A5FF-8AA827EA0C04}.Ad-Hoc|x64.ActiveCfg = Ad-Hoc|iPhone
		{7EF990B6-D5D2-49EF-A5FF-8AA827EA0C04}.Ad-Hoc|x86.ActiveCfg = Ad-Hoc|iPhone
		{7EF990B6-D5D2-49EF-A5FF-8AA827EA0C04}.AppStore|Any CPU.ActiveCfg = AppStore|iPhone
		{7EF990B6-D5D2-49EF-A5FF-8AA827EA0C04}.AppStore|ARM.ActiveCfg = AppStore|iPhone
		{7EF990B6-D5D2-49EF-A5FF-8AA827EA0C04}.AppStore|iPhone.ActiveCfg = AppStore|iPhone
		{7EF990B6-D5D2-49EF-A5FF-8AA827EA0C04}.AppStore|iPhone.Build.0 = AppStore|iPhone
		{7EF990B6-D5D2-49EF-A5FF-8AA827EA0C04}.AppStore|iPhoneSimulator.ActiveCfg = AppStore|iPhoneSimulator
		{7EF990B6-D5D2-49EF-A5FF-8AA827EA0C04}.AppStore|iPhoneSimulator.Build.0 = AppStore|iPhoneSimulator
		{7EF990B6-D5D2-49EF-A5FF-8AA827EA0C04}.AppStore|x64.ActiveCfg = AppStore|iPhone
		{7EF990B6-D5D2-49EF-A5FF-8AA827EA0C04}.AppStore|x86.ActiveCfg = AppStore|iPhone
		{7EF990B6-D5D2-49EF-A5FF-8AA827EA0C04}.Debug|Any CPU.ActiveCfg = Debug|iPhone
		{7EF990B6-D5D2-49EF-A5FF-8AA827EA0C04}.Debug|ARM.ActiveCfg = Debug|iPhone
		{7EF990B6-D5D2-49EF-A5FF-8AA827EA0C04}.Debug|iPhone.ActiveCfg = Debug|iPhone
		{7EF990B6-D5D2-49EF-A5FF-8AA827EA0C04}.Debug|iPhone.Build.0 = Debug|iPhone
		{7EF990B6-D5D2-49EF-A5FF-8AA827EA0C04}.Debug|iPhoneSimulator.ActiveCfg = Debug|iPhoneSimulator
		{7EF990B6-D5D2-49EF-A5FF-8AA827EA0C04}.Debug|iPhoneSimulator.Build.0 = Debug|iPhoneSimulator
		{7EF990B6-D5D2-49EF-A5FF-8AA827EA0C04}.Debug|x64.ActiveCfg = Debug|iPhone
		{7EF990B6-D5D2-49EF-A5FF-8AA827EA0C04}.Debug|x86.ActiveCfg = Debug|iPhone
		{7EF990B6-D5D2-49EF-A5FF-8AA827EA0C04}.Release|Any CPU.ActiveCfg = Release|iPhone
		{7EF990B6-D5D2-49EF-A5FF-8AA827EA0C04}.Release|ARM.ActiveCfg = Release|iPhone
		{7EF990B6-D5D2-49EF-A5FF-8AA827EA0C04}.Release|iPhone.ActiveCfg = Release|iPhone
		{7EF990B6-D5D2-49EF-A5FF-8AA827EA0C04}.Release|iPhone.Build.0 = Release|iPhone
		{7EF990B6-D5D2-49EF-A5FF-8AA827EA0C04}.Release|iPhoneSimulator.ActiveCfg = Release|iPhoneSimulator
		{7EF990B6-D5D2-49EF-A5FF-8AA827EA0C04}.Release|iPhoneSimulator.Build.0 = Release|iPhoneSimulator
		{7EF990B6-D5D2-49EF-A5FF-8AA827EA0C04}.Release|x64.ActiveCfg = Release|iPhone
		{7EF990B6-D5D2-49EF-A5FF-8AA827EA0C04}.Release|x86.ActiveCfg = Release|iPhone
		{4C4A5718-C47F-4D3D-A959-87117A1EBC2F}.Ad-Hoc|Any CPU.ActiveCfg = Release|Any CPU
		{4C4A5718-C47F-4D3D-A959-87117A1EBC2F}.Ad-Hoc|Any CPU.Build.0 = Release|Any CPU
		{4C4A5718-C47F-4D3D-A959-87117A1EBC2F}.Ad-Hoc|Any CPU.Deploy.0 = Release|Any CPU
		{4C4A5718-C47F-4D3D-A959-87117A1EBC2F}.Ad-Hoc|ARM.ActiveCfg = Release|ARM
		{4C4A5718-C47F-4D3D-A959-87117A1EBC2F}.Ad-Hoc|ARM.Build.0 = Release|ARM
		{4C4A5718-C47F-4D3D-A959-87117A1EBC2F}.Ad-Hoc|ARM.Deploy.0 = Release|ARM
		{4C4A5718-C47F-4D3D-A959-87117A1EBC2F}.Ad-Hoc|iPhone.ActiveCfg = Release|Any CPU
		{4C4A5718-C47F-4D3D-A959-87117A1EBC2F}.Ad-Hoc|iPhone.Build.0 = Release|Any CPU
		{4C4A5718-C47F-4D3D-A959-87117A1EBC2F}.Ad-Hoc|iPhone.Deploy.0 = Release|Any CPU
		{4C4A5718-C47F-4D3D-A959-87117A1EBC2F}.Ad-Hoc|iPhoneSimulator.ActiveCfg = Release|Any CPU
		{4C4A5718-C47F-4D3D-A959-87117A1EBC2F}.Ad-Hoc|iPhoneSimulator.Build.0 = Release|Any CPU
		{4C4A5718-C47F-4D3D-A959-87117A1EBC2F}.Ad-Hoc|iPhoneSimulator.Deploy.0 = Release|Any CPU
		{4C4A5718-C47F-4D3D-A959-87117A1EBC2F}.Ad-Hoc|x64.ActiveCfg = Release|Any CPU
		{4C4A5718-C47F-4D3D-A959-87117A1EBC2F}.Ad-Hoc|x64.Build.0 = Release|Any CPU
		{4C4A5718-C47F-4D3D-A959-87117A1EBC2F}.Ad-Hoc|x64.Deploy.0 = Release|Any CPU
		{4C4A5718-C47F-4D3D-A959-87117A1EBC2F}.Ad-Hoc|x86.ActiveCfg = Release|x86
		{4C4A5718-C47F-4D3D-A959-87117A1EBC2F}.Ad-Hoc|x86.Build.0 = Release|x86
		{4C4A5718-C47F-4D3D-A959-87117A1EBC2F}.Ad-Hoc|x86.Deploy.0 = Release|x86
		{4C4A5718-C47F-4D3D-A959-87117A1EBC2F}.AppStore|Any CPU.ActiveCfg = Release|Any CPU
		{4C4A5718-C47F-4D3D-A959-87117A1EBC2F}.AppStore|Any CPU.Build.0 = Release|Any CPU
		{4C4A5718-C47F-4D3D-A959-87117A1EBC2F}.AppStore|Any CPU.Deploy.0 = Release|Any CPU
		{4C4A5718-C47F-4D3D-A959-87117A1EBC2F}.AppStore|ARM.ActiveCfg = Release|ARM
		{4C4A5718-C47F-4D3D-A959-87117A1EBC2F}.AppStore|ARM.Build.0 = Release|ARM
		{4C4A5718-C47F-4D3D-A959-87117A1EBC2F}.AppStore|ARM.Deploy.0 = Release|ARM
		{4C4A5718-C47F-4D3D-A959-87117A1EBC2F}.AppStore|iPhone.ActiveCfg = Release|Any CPU
		{4C4A5718-C47F-4D3D-A959-87117A1EBC2F}.AppStore|iPhone.Build.0 = Release|Any CPU
		{4C4A5718-C47F-4D3D-A959-87117A1EBC2F}.AppStore|iPhone.Deploy.0 = Release|Any CPU
		{4C4A5718-C47F-4D3D-A959-87117A1EBC2F}.AppStore|iPhoneSimulator.ActiveCfg = Release|Any CPU
		{4C4A5718-C47F-4D3D-A959-87117A1EBC2F}.AppStore|iPhoneSimulator.Build.0 = Release|Any CPU
		{4C4A5718-C47F-4D3D-A959-87117A1EBC2F}.AppStore|iPhoneSimulator.Deploy.0 = Release|Any CPU
		{4C4A5718-C47F-4D3D-A959-87117A1EBC2F}.AppStore|x64.ActiveCfg = Release|Any CPU
		{4C4A5718-C47F-4D3D-A959-87117A1EBC2F}.AppStore|x64.Build.0 = Release|Any CPU
		{4C4A5718-C47F-4D3D-A959-87117A1EBC2F}.AppStore|x64.Deploy.0 = Release|Any CPU
		{4C4A5718-C47F-4D3D-A959-87117A1EBC2F}.AppStore|x86.ActiveCfg = Release|x86
		{4C4A5718-C47F-4D3D-A959-87117A1EBC2F}.AppStore|x86.Build.0 = Release|x86
		{4C4A5718-C47F-4D3D-A959-87117A1EBC2F}.AppStore|x86.Deploy.0 = Release|x86
		{4C4A5718-C47F-4D3D-A959-87117A1EBC2F}.Debug|Any CPU.ActiveCfg = Debug|Any CPU
		{4C4A5718-C47F-4D3D-A959-87117A1EBC2F}.Debug|Any CPU.Build.0 = Debug|Any CPU
		{4C4A5718-C47F-4D3D-A959-87117A1EBC2F}.Debug|Any CPU.Deploy.0 = Debug|Any CPU
		{4C4A5718-C47F-4D3D-A959-87117A1EBC2F}.Debug|ARM.ActiveCfg = Debug|ARM
		{4C4A5718-C47F-4D3D-A959-87117A1EBC2F}.Debug|ARM.Build.0 = Debug|ARM
		{4C4A5718-C47F-4D3D-A959-87117A1EBC2F}.Debug|ARM.Deploy.0 = Debug|ARM
		{4C4A5718-C47F-4D3D-A959-87117A1EBC2F}.Debug|iPhone.ActiveCfg = Debug|Any CPU
		{4C4A5718-C47F-4D3D-A959-87117A1EBC2F}.Debug|iPhone.Build.0 = Debug|Any CPU
		{4C4A5718-C47F-4D3D-A959-87117A1EBC2F}.Debug|iPhone.Deploy.0 = Debug|Any CPU
		{4C4A5718-C47F-4D3D-A959-87117A1EBC2F}.Debug|iPhoneSimulator.ActiveCfg = Debug|Any CPU
		{4C4A5718-C47F-4D3D-A959-87117A1EBC2F}.Debug|iPhoneSimulator.Build.0 = Debug|Any CPU
		{4C4A5718-C47F-4D3D-A959-87117A1EBC2F}.Debug|iPhoneSimulator.Deploy.0 = Debug|Any CPU
		{4C4A5718-C47F-4D3D-A959-87117A1EBC2F}.Debug|x64.ActiveCfg = Debug|Any CPU
		{4C4A5718-C47F-4D3D-A959-87117A1EBC2F}.Debug|x64.Build.0 = Debug|Any CPU
		{4C4A5718-C47F-4D3D-A959-87117A1EBC2F}.Debug|x64.Deploy.0 = Debug|Any CPU
		{4C4A5718-C47F-4D3D-A959-87117A1EBC2F}.Debug|x86.ActiveCfg = Debug|x86
		{4C4A5718-C47F-4D3D-A959-87117A1EBC2F}.Debug|x86.Build.0 = Debug|x86
		{4C4A5718-C47F-4D3D-A959-87117A1EBC2F}.Debug|x86.Deploy.0 = Debug|x86
		{4C4A5718-C47F-4D3D-A959-87117A1EBC2F}.Release|Any CPU.ActiveCfg = Release|Any CPU
		{4C4A5718-C47F-4D3D-A959-87117A1EBC2F}.Release|Any CPU.Build.0 = Release|Any CPU
		{4C4A5718-C47F-4D3D-A959-87117A1EBC2F}.Release|Any CPU.Deploy.0 = Release|Any CPU
		{4C4A5718-C47F-4D3D-A959-87117A1EBC2F}.Release|ARM.ActiveCfg = Release|ARM
		{4C4A5718-C47F-4D3D-A959-87117A1EBC2F}.Release|ARM.Build.0 = Release|ARM
		{4C4A5718-C47F-4D3D-A959-87117A1EBC2F}.Release|ARM.Deploy.0 = Release|ARM
		{4C4A5718-C47F-4D3D-A959-87117A1EBC2F}.Release|iPhone.ActiveCfg = Release|Any CPU
		{4C4A5718-C47F-4D3D-A959-87117A1EBC2F}.Release|iPhone.Build.0 = Release|Any CPU
		{4C4A5718-C47F-4D3D-A959-87117A1EBC2F}.Release|iPhone.Deploy.0 = Release|Any CPU
		{4C4A5718-C47F-4D3D-A959-87117A1EBC2F}.Release|iPhoneSimulator.ActiveCfg = Release|Any CPU
		{4C4A5718-C47F-4D3D-A959-87117A1EBC2F}.Release|iPhoneSimulator.Build.0 = Release|Any CPU
		{4C4A5718-C47F-4D3D-A959-87117A1EBC2F}.Release|iPhoneSimulator.Deploy.0 = Release|Any CPU
		{4C4A5718-C47F-4D3D-A959-87117A1EBC2F}.Release|x64.ActiveCfg = Release|Any CPU
		{4C4A5718-C47F-4D3D-A959-87117A1EBC2F}.Release|x64.Build.0 = Release|Any CPU
		{4C4A5718-C47F-4D3D-A959-87117A1EBC2F}.Release|x64.Deploy.0 = Release|Any CPU
		{4C4A5718-C47F-4D3D-A959-87117A1EBC2F}.Release|x86.ActiveCfg = Release|x86
		{4C4A5718-C47F-4D3D-A959-87117A1EBC2F}.Release|x86.Build.0 = Release|x86
		{4C4A5718-C47F-4D3D-A959-87117A1EBC2F}.Release|x86.Deploy.0 = Release|x86
		{20DA7C50-4B6F-4BA1-B061-F734189217D9}.Ad-Hoc|Any CPU.ActiveCfg = Release|x86
		{20DA7C50-4B6F-4BA1-B061-F734189217D9}.Ad-Hoc|Any CPU.Build.0 = Release|x86
		{20DA7C50-4B6F-4BA1-B061-F734189217D9}.Ad-Hoc|Any CPU.Deploy.0 = Release|x86
		{20DA7C50-4B6F-4BA1-B061-F734189217D9}.Ad-Hoc|ARM.ActiveCfg = Release|ARM
		{20DA7C50-4B6F-4BA1-B061-F734189217D9}.Ad-Hoc|ARM.Build.0 = Release|ARM
		{20DA7C50-4B6F-4BA1-B061-F734189217D9}.Ad-Hoc|ARM.Deploy.0 = Release|ARM
		{20DA7C50-4B6F-4BA1-B061-F734189217D9}.Ad-Hoc|iPhone.ActiveCfg = Release|x86
		{20DA7C50-4B6F-4BA1-B061-F734189217D9}.Ad-Hoc|iPhone.Build.0 = Release|x86
		{20DA7C50-4B6F-4BA1-B061-F734189217D9}.Ad-Hoc|iPhone.Deploy.0 = Release|x86
		{20DA7C50-4B6F-4BA1-B061-F734189217D9}.Ad-Hoc|iPhoneSimulator.ActiveCfg = Release|x86
		{20DA7C50-4B6F-4BA1-B061-F734189217D9}.Ad-Hoc|iPhoneSimulator.Build.0 = Release|x86
		{20DA7C50-4B6F-4BA1-B061-F734189217D9}.Ad-Hoc|iPhoneSimulator.Deploy.0 = Release|x86
		{20DA7C50-4B6F-4BA1-B061-F734189217D9}.Ad-Hoc|x64.ActiveCfg = Release|x64
		{20DA7C50-4B6F-4BA1-B061-F734189217D9}.Ad-Hoc|x64.Build.0 = Release|x64
		{20DA7C50-4B6F-4BA1-B061-F734189217D9}.Ad-Hoc|x64.Deploy.0 = Release|x64
		{20DA7C50-4B6F-4BA1-B061-F734189217D9}.Ad-Hoc|x86.ActiveCfg = Release|x86
		{20DA7C50-4B6F-4BA1-B061-F734189217D9}.Ad-Hoc|x86.Build.0 = Release|x86
		{20DA7C50-4B6F-4BA1-B061-F734189217D9}.Ad-Hoc|x86.Deploy.0 = Release|x86
		{20DA7C50-4B6F-4BA1-B061-F734189217D9}.AppStore|Any CPU.ActiveCfg = Release|x86
		{20DA7C50-4B6F-4BA1-B061-F734189217D9}.AppStore|Any CPU.Build.0 = Release|x86
		{20DA7C50-4B6F-4BA1-B061-F734189217D9}.AppStore|Any CPU.Deploy.0 = Release|x86
		{20DA7C50-4B6F-4BA1-B061-F734189217D9}.AppStore|ARM.ActiveCfg = Release|ARM
		{20DA7C50-4B6F-4BA1-B061-F734189217D9}.AppStore|ARM.Build.0 = Release|ARM
		{20DA7C50-4B6F-4BA1-B061-F734189217D9}.AppStore|ARM.Deploy.0 = Release|ARM
		{20DA7C50-4B6F-4BA1-B061-F734189217D9}.AppStore|iPhone.ActiveCfg = Release|x86
		{20DA7C50-4B6F-4BA1-B061-F734189217D9}.AppStore|iPhone.Build.0 = Release|x86
		{20DA7C50-4B6F-4BA1-B061-F734189217D9}.AppStore|iPhone.Deploy.0 = Release|x86
		{20DA7C50-4B6F-4BA1-B061-F734189217D9}.AppStore|iPhoneSimulator.ActiveCfg = Release|x86
		{20DA7C50-4B6F-4BA1-B061-F734189217D9}.AppStore|iPhoneSimulator.Build.0 = Release|x86
		{20DA7C50-4B6F-4BA1-B061-F734189217D9}.AppStore|iPhoneSimulator.Deploy.0 = Release|x86
		{20DA7C50-4B6F-4BA1-B061-F734189217D9}.AppStore|x64.ActiveCfg = Release|x64
		{20DA7C50-4B6F-4BA1-B061-F734189217D9}.AppStore|x64.Build.0 = Release|x64
		{20DA7C50-4B6F-4BA1-B061-F734189217D9}.AppStore|x64.Deploy.0 = Release|x64
		{20DA7C50-4B6F-4BA1-B061-F734189217D9}.AppStore|x86.ActiveCfg = Release|x86
		{20DA7C50-4B6F-4BA1-B061-F734189217D9}.AppStore|x86.Build.0 = Release|x86
		{20DA7C50-4B6F-4BA1-B061-F734189217D9}.AppStore|x86.Deploy.0 = Release|x86
		{20DA7C50-4B6F-4BA1-B061-F734189217D9}.Debug|Any CPU.ActiveCfg = Debug|x86
		{20DA7C50-4B6F-4BA1-B061-F734189217D9}.Debug|ARM.ActiveCfg = Debug|ARM
		{20DA7C50-4B6F-4BA1-B061-F734189217D9}.Debug|ARM.Build.0 = Debug|ARM
		{20DA7C50-4B6F-4BA1-B061-F734189217D9}.Debug|ARM.Deploy.0 = Debug|ARM
		{20DA7C50-4B6F-4BA1-B061-F734189217D9}.Debug|iPhone.ActiveCfg = Debug|x86
		{20DA7C50-4B6F-4BA1-B061-F734189217D9}.Debug|iPhoneSimulator.ActiveCfg = Debug|x86
		{20DA7C50-4B6F-4BA1-B061-F734189217D9}.Debug|x64.ActiveCfg = Debug|x64
		{20DA7C50-4B6F-4BA1-B061-F734189217D9}.Debug|x64.Build.0 = Debug|x64
		{20DA7C50-4B6F-4BA1-B061-F734189217D9}.Debug|x64.Deploy.0 = Debug|x64
		{20DA7C50-4B6F-4BA1-B061-F734189217D9}.Debug|x86.ActiveCfg = Debug|x86
		{20DA7C50-4B6F-4BA1-B061-F734189217D9}.Debug|x86.Build.0 = Debug|x86
		{20DA7C50-4B6F-4BA1-B061-F734189217D9}.Debug|x86.Deploy.0 = Debug|x86
		{20DA7C50-4B6F-4BA1-B061-F734189217D9}.Release|Any CPU.ActiveCfg = Release|x86
		{20DA7C50-4B6F-4BA1-B061-F734189217D9}.Release|ARM.ActiveCfg = Release|ARM
		{20DA7C50-4B6F-4BA1-B061-F734189217D9}.Release|ARM.Build.0 = Release|ARM
		{20DA7C50-4B6F-4BA1-B061-F734189217D9}.Release|ARM.Deploy.0 = Release|ARM
		{20DA7C50-4B6F-4BA1-B061-F734189217D9}.Release|iPhone.ActiveCfg = Release|x86
		{20DA7C50-4B6F-4BA1-B061-F734189217D9}.Release|iPhoneSimulator.ActiveCfg = Release|x86
		{20DA7C50-4B6F-4BA1-B061-F734189217D9}.Release|x64.ActiveCfg = Release|x64
		{20DA7C50-4B6F-4BA1-B061-F734189217D9}.Release|x64.Build.0 = Release|x64
		{20DA7C50-4B6F-4BA1-B061-F734189217D9}.Release|x64.Deploy.0 = Release|x64
		{20DA7C50-4B6F-4BA1-B061-F734189217D9}.Release|x86.ActiveCfg = Release|x86
		{20DA7C50-4B6F-4BA1-B061-F734189217D9}.Release|x86.Build.0 = Release|x86
		{20DA7C50-4B6F-4BA1-B061-F734189217D9}.Release|x86.Deploy.0 = Release|x86
		{539E9C02-AABE-43AB-A28E-BE7A75A0A13B}.Ad-Hoc|Any CPU.ActiveCfg = Release|Any CPU
		{539E9C02-AABE-43AB-A28E-BE7A75A0A13B}.Ad-Hoc|Any CPU.Build.0 = Release|Any CPU
		{539E9C02-AABE-43AB-A28E-BE7A75A0A13B}.Ad-Hoc|Any CPU.Deploy.0 = Release|Any CPU
		{539E9C02-AABE-43AB-A28E-BE7A75A0A13B}.Ad-Hoc|ARM.ActiveCfg = Release|ARM
		{539E9C02-AABE-43AB-A28E-BE7A75A0A13B}.Ad-Hoc|ARM.Build.0 = Release|ARM
		{539E9C02-AABE-43AB-A28E-BE7A75A0A13B}.Ad-Hoc|ARM.Deploy.0 = Release|ARM
		{539E9C02-AABE-43AB-A28E-BE7A75A0A13B}.Ad-Hoc|iPhone.ActiveCfg = Release|Any CPU
		{539E9C02-AABE-43AB-A28E-BE7A75A0A13B}.Ad-Hoc|iPhone.Build.0 = Release|Any CPU
		{539E9C02-AABE-43AB-A28E-BE7A75A0A13B}.Ad-Hoc|iPhone.Deploy.0 = Release|Any CPU
		{539E9C02-AABE-43AB-A28E-BE7A75A0A13B}.Ad-Hoc|iPhoneSimulator.ActiveCfg = Release|Any CPU
		{539E9C02-AABE-43AB-A28E-BE7A75A0A13B}.Ad-Hoc|iPhoneSimulator.Build.0 = Release|Any CPU
		{539E9C02-AABE-43AB-A28E-BE7A75A0A13B}.Ad-Hoc|iPhoneSimulator.Deploy.0 = Release|Any CPU
		{539E9C02-AABE-43AB-A28E-BE7A75A0A13B}.Ad-Hoc|x64.ActiveCfg = Release|x64
		{539E9C02-AABE-43AB-A28E-BE7A75A0A13B}.Ad-Hoc|x64.Build.0 = Release|x64
		{539E9C02-AABE-43AB-A28E-BE7A75A0A13B}.Ad-Hoc|x64.Deploy.0 = Release|x64
		{539E9C02-AABE-43AB-A28E-BE7A75A0A13B}.Ad-Hoc|x86.ActiveCfg = Release|x86
		{539E9C02-AABE-43AB-A28E-BE7A75A0A13B}.Ad-Hoc|x86.Build.0 = Release|x86
		{539E9C02-AABE-43AB-A28E-BE7A75A0A13B}.Ad-Hoc|x86.Deploy.0 = Release|x86
		{539E9C02-AABE-43AB-A28E-BE7A75A0A13B}.AppStore|Any CPU.ActiveCfg = Release|Any CPU
		{539E9C02-AABE-43AB-A28E-BE7A75A0A13B}.AppStore|Any CPU.Build.0 = Release|Any CPU
		{539E9C02-AABE-43AB-A28E-BE7A75A0A13B}.AppStore|Any CPU.Deploy.0 = Release|Any CPU
		{539E9C02-AABE-43AB-A28E-BE7A75A0A13B}.AppStore|ARM.ActiveCfg = Release|ARM
		{539E9C02-AABE-43AB-A28E-BE7A75A0A13B}.AppStore|ARM.Build.0 = Release|ARM
		{539E9C02-AABE-43AB-A28E-BE7A75A0A13B}.AppStore|ARM.Deploy.0 = Release|ARM
		{539E9C02-AABE-43AB-A28E-BE7A75A0A13B}.AppStore|iPhone.ActiveCfg = Release|Any CPU
		{539E9C02-AABE-43AB-A28E-BE7A75A0A13B}.AppStore|iPhone.Build.0 = Release|Any CPU
		{539E9C02-AABE-43AB-A28E-BE7A75A0A13B}.AppStore|iPhone.Deploy.0 = Release|Any CPU
		{539E9C02-AABE-43AB-A28E-BE7A75A0A13B}.AppStore|iPhoneSimulator.ActiveCfg = Release|Any CPU
		{539E9C02-AABE-43AB-A28E-BE7A75A0A13B}.AppStore|iPhoneSimulator.Build.0 = Release|Any CPU
		{539E9C02-AABE-43AB-A28E-BE7A75A0A13B}.AppStore|iPhoneSimulator.Deploy.0 = Release|Any CPU
		{539E9C02-AABE-43AB-A28E-BE7A75A0A13B}.AppStore|x64.ActiveCfg = Release|x64
		{539E9C02-AABE-43AB-A28E-BE7A75A0A13B}.AppStore|x64.Build.0 = Release|x64
		{539E9C02-AABE-43AB-A28E-BE7A75A0A13B}.AppStore|x64.Deploy.0 = Release|x64
		{539E9C02-AABE-43AB-A28E-BE7A75A0A13B}.AppStore|x86.ActiveCfg = Release|x86
		{539E9C02-AABE-43AB-A28E-BE7A75A0A13B}.AppStore|x86.Build.0 = Release|x86
		{539E9C02-AABE-43AB-A28E-BE7A75A0A13B}.AppStore|x86.Deploy.0 = Release|x86
		{539E9C02-AABE-43AB-A28E-BE7A75A0A13B}.Debug|Any CPU.ActiveCfg = Debug|Any CPU
		{539E9C02-AABE-43AB-A28E-BE7A75A0A13B}.Debug|Any CPU.Build.0 = Debug|Any CPU
		{539E9C02-AABE-43AB-A28E-BE7A75A0A13B}.Debug|Any CPU.Deploy.0 = Debug|Any CPU
		{539E9C02-AABE-43AB-A28E-BE7A75A0A13B}.Debug|ARM.ActiveCfg = Debug|ARM
		{539E9C02-AABE-43AB-A28E-BE7A75A0A13B}.Debug|ARM.Build.0 = Debug|ARM
		{539E9C02-AABE-43AB-A28E-BE7A75A0A13B}.Debug|ARM.Deploy.0 = Debug|ARM
		{539E9C02-AABE-43AB-A28E-BE7A75A0A13B}.Debug|iPhone.ActiveCfg = Debug|Any CPU
		{539E9C02-AABE-43AB-A28E-BE7A75A0A13B}.Debug|iPhone.Build.0 = Debug|Any CPU
		{539E9C02-AABE-43AB-A28E-BE7A75A0A13B}.Debug|iPhone.Deploy.0 = Debug|Any CPU
		{539E9C02-AABE-43AB-A28E-BE7A75A0A13B}.Debug|iPhoneSimulator.ActiveCfg = Debug|Any CPU
		{539E9C02-AABE-43AB-A28E-BE7A75A0A13B}.Debug|iPhoneSimulator.Build.0 = Debug|Any CPU
		{539E9C02-AABE-43AB-A28E-BE7A75A0A13B}.Debug|iPhoneSimulator.Deploy.0 = Debug|Any CPU
		{539E9C02-AABE-43AB-A28E-BE7A75A0A13B}.Debug|x64.ActiveCfg = Debug|x64
		{539E9C02-AABE-43AB-A28E-BE7A75A0A13B}.Debug|x64.Build.0 = Debug|x64
		{539E9C02-AABE-43AB-A28E-BE7A75A0A13B}.Debug|x64.Deploy.0 = Debug|x64
		{539E9C02-AABE-43AB-A28E-BE7A75A0A13B}.Debug|x86.ActiveCfg = Debug|x86
		{539E9C02-AABE-43AB-A28E-BE7A75A0A13B}.Debug|x86.Build.0 = Debug|x86
		{539E9C02-AABE-43AB-A28E-BE7A75A0A13B}.Debug|x86.Deploy.0 = Debug|x86
		{539E9C02-AABE-43AB-A28E-BE7A75A0A13B}.Release|Any CPU.ActiveCfg = Release|Any CPU
		{539E9C02-AABE-43AB-A28E-BE7A75A0A13B}.Release|Any CPU.Build.0 = Release|Any CPU
		{539E9C02-AABE-43AB-A28E-BE7A75A0A13B}.Release|Any CPU.Deploy.0 = Release|Any CPU
		{539E9C02-AABE-43AB-A28E-BE7A75A0A13B}.Release|ARM.ActiveCfg = Release|ARM
		{539E9C02-AABE-43AB-A28E-BE7A75A0A13B}.Release|ARM.Build.0 = Release|ARM
		{539E9C02-AABE-43AB-A28E-BE7A75A0A13B}.Release|ARM.Deploy.0 = Release|ARM
		{539E9C02-AABE-43AB-A28E-BE7A75A0A13B}.Release|iPhone.ActiveCfg = Release|Any CPU
		{539E9C02-AABE-43AB-A28E-BE7A75A0A13B}.Release|iPhone.Build.0 = Release|Any CPU
		{539E9C02-AABE-43AB-A28E-BE7A75A0A13B}.Release|iPhone.Deploy.0 = Release|Any CPU
		{539E9C02-AABE-43AB-A28E-BE7A75A0A13B}.Release|iPhoneSimulator.ActiveCfg = Release|Any CPU
		{539E9C02-AABE-43AB-A28E-BE7A75A0A13B}.Release|iPhoneSimulator.Build.0 = Release|Any CPU
		{539E9C02-AABE-43AB-A28E-BE7A75A0A13B}.Release|iPhoneSimulator.Deploy.0 = Release|Any CPU
		{539E9C02-AABE-43AB-A28E-BE7A75A0A13B}.Release|x64.ActiveCfg = Release|x64
		{539E9C02-AABE-43AB-A28E-BE7A75A0A13B}.Release|x64.Build.0 = Release|x64
		{539E9C02-AABE-43AB-A28E-BE7A75A0A13B}.Release|x64.Deploy.0 = Release|x64
		{539E9C02-AABE-43AB-A28E-BE7A75A0A13B}.Release|x86.ActiveCfg = Release|x86
		{539E9C02-AABE-43AB-A28E-BE7A75A0A13B}.Release|x86.Build.0 = Release|x86
		{539E9C02-AABE-43AB-A28E-BE7A75A0A13B}.Release|x86.Deploy.0 = Release|x86
	EndGlobalSection
	GlobalSection(SolutionProperties) = preSolution
		HideSolutionNode = FALSE
	EndGlobalSection
EndGlobal
